{
  "name": "Project-1",
  "lockfileVersion": 3,
  "requires": true,
  "packages": {
    "": {
      "dependencies": {
        "@mistralai/mistralai": "^1.6.0",
        "jsonrepair": "^3.12.0"
      }
    },
    "node_modules/@mistralai/mistralai": {
      "version": "1.6.0",
      "resolved": "https://registry.npmjs.org/@mistralai/mistralai/-/mistralai-1.6.0.tgz",
      "integrity": "sha512-PQwGV3+n7FbE7Dp3Vnd8DAa3ffx6WuVV966Gfmf4QvzwcO3Mvxpz0SnJ/PjaZcsCwApBCZpNyQzvarAKEQLKeQ==",
      "dependencies": {
        "zod-to-json-schema": "^3.24.1"
      },
      "peerDependencies": {
        "zod": ">= 3"
      }
    },
    "node_modules/jsonrepair": {
      "version": "3.12.0",
      "resolved": "https://registry.npmjs.org/jsonrepair/-/jsonrepair-3.12.0.tgz",
      "integrity": "sha512-SWfjz8SuQ0wZjwsxtSJ3Zy8vvLg6aO/kxcp9TWNPGwJKgTZVfhNEQBMk/vPOpYCDFWRxD6QWuI6IHR1t615f0w==",
      "license": "ISC",
      "bin": {
        "jsonrepair": "bin/cli.js"
      }
    },
    "node_modules/zod": {
      "version": "3.24.4",
      "resolved": "https://registry.npmjs.org/zod/-/zod-3.24.4.tgz",
      "integrity": "sha512-OdqJE9UDRPwWsrHjLN2F8bPxvwJBK22EHLWtanu0LSYr5YqzsaaW3RMgmjwr8Rypg5k+meEJdSPXJZXE/yqOMg==",
      "license": "MIT",
      "peer": true,
      "funding": {
        "url": "https://github.com/sponsors/colinhacks"
      }
    },
    "node_modules/zod-to-json-schema": {
      "version": "3.24.5",
      "resolved": "https://registry.npmjs.org/zod-to-json-schema/-/zod-to-json-schema-3.24.5.tgz",
      "integrity": "sha512-/AuWwMP+YqiPbsJx5D6TfgRTc4kTLjsh5SOcd4bLsfUg2RcEXrFMJl1DGgdHy2aCfsIA/cr/1JM0xcB2GZji8g==",
      "license": "ISC",
      "peerDependencies": {
        "zod": "^3.24.1"
      }
    }
  }
}
